
Microsoft Visual Studio Solution File, Format Version 12.00
# Visual Studio 15
VisualStudioVersion = 15.0.26228.4
MinimumVisualStudioVersion = 10.0.40219.1
Project("{FAE04EC0-301F-11D3-BF4B-00C04F79EFBC}") = "FileStream", "HomeWork - FileSystem\FileStream.csproj", "{042A2A05-0401-48C9-86A0-407E3765394E}"
EndProject
Global
	GlobalSection(SolutionConfigurationPlatforms) = preSolution
		Debug|Any CPU = Debug|Any CPU
		Release|Any CPU = Release|Any CPU
	EndGlobalSection
	GlobalSection(ProjectConfigurationPlatforms) = postSolution
		{042A2A05-0401-48C9-86A0-407E3765394E}.Debug|Any CPU.ActiveCfg = Debug|Any CPU
		{042A2A05-0401-48C9-86A0-407E3765394E}.Debug|Any CPU.Build.0 = Debug|Any CPU
		{042A2A05-0401-48C9-86A0-407E3765394E}.Release|Any CPU.ActiveCfg = Release|Any CPU
		{042A2A05-0401-48C9-86A0-407E3765394E}.Release|Any CPU.Build.0 = Release|Any CPU
	EndGlobalSection
	GlobalSection(SolutionProperties) = preSolution
		HideSolutionNode = FALSE
	EndGlobalSection
	GlobalSection(ExtensibilityGlobals) = postSolution
		SolutionGuid = {8F921A6A-DE33-4A13-906B-4575AF0B4EFD}
	EndGlobalSection
EndGlobal
